
Microsoft Visual Studio Solution File, Format Version 12.00
# Visual Studio Version 16
VisualStudioVersion = 16.0.30523.141
MinimumVisualStudioVersion = 10.0.40219.1
Project("{FAE04EC0-301F-11D3-BF4B-00C04F79EFBC}") = "PorownywarkaObrazkow", "PorownywarkaObrazkow\PorownywarkaObrazkow.csproj", "{61711666-4442-4243-AF2C-3296F1C41FE6}"
EndProject
Global
	GlobalSection(SolutionConfigurationPlatforms) = preSolution
		Debug|Any CPU = Debug|Any CPU
		Release|Any CPU = Release|Any CPU
	EndGlobalSection
	GlobalSection(ProjectConfigurationPlatforms) = postSolution
		{61711666-4442-4243-AF2C-3296F1C41FE6}.Debug|Any CPU.ActiveCfg = Debug|Any CPU
		{61711666-4442-4243-AF2C-3296F1C41FE6}.Debug|Any CPU.Build.0 = Debug|Any CPU
		{61711666-4442-4243-AF2C-3296F1C41FE6}.Release|Any CPU.ActiveCfg = Release|Any CPU
		{61711666-4442-4243-AF2C-3296F1C41FE6}.Release|Any CPU.Build.0 = Release|Any CPU
	EndGlobalSection
	GlobalSection(SolutionProperties) = preSolution
		HideSolutionNode = FALSE
	EndGlobalSection
	GlobalSection(ExtensibilityGlobals) = postSolution
		SolutionGuid = {4C1B5943-8DA3-4C5F-9589-3ACD62526BB1}
	EndGlobalSection
EndGlobal
