
Microsoft Visual Studio Solution File, Format Version 12.00
# Visual Studio Version 16
VisualStudioVersion = 16.0.30523.141
MinimumVisualStudioVersion = 10.0.40219.1
Project("{FAE04EC0-301F-11D3-BF4B-00C04F79EFBC}") = "Lab03p01", "Lab03p01\Lab03p01.csproj", "{FF4D9490-2DA1-44AB-8D79-9A498B1678F9}"
EndProject
Global
	GlobalSection(SolutionConfigurationPlatforms) = preSolution
		Debug|Any CPU = Debug|Any CPU
		Release|Any CPU = Release|Any CPU
	EndGlobalSection
	GlobalSection(ProjectConfigurationPlatforms) = postSolution
		{FF4D9490-2DA1-44AB-8D79-9A498B1678F9}.Debug|Any CPU.ActiveCfg = Debug|Any CPU
		{FF4D9490-2DA1-44AB-8D79-9A498B1678F9}.Debug|Any CPU.Build.0 = Debug|Any CPU
		{FF4D9490-2DA1-44AB-8D79-9A498B1678F9}.Release|Any CPU.ActiveCfg = Release|Any CPU
		{FF4D9490-2DA1-44AB-8D79-9A498B1678F9}.Release|Any CPU.Build.0 = Release|Any CPU
	EndGlobalSection
	GlobalSection(SolutionProperties) = preSolution
		HideSolutionNode = FALSE
	EndGlobalSection
	GlobalSection(ExtensibilityGlobals) = postSolution
		SolutionGuid = {912A3C10-4381-405C-BD52-21A042CEBA30}
	EndGlobalSection
EndGlobal
